
Microsoft Visual Studio Solution File, Format Version 12.00
# Visual Studio Version 17
VisualStudioVersion = 17.13.35818.85 d17.13
MinimumVisualStudioVersion = 10.0.40219.1
Project("{FAE04EC0-301F-11D3-BF4B-00C04F79EFBC}") = "LengthCalculator", "LengthCalculator.csproj", "{ECA1258B-8715-4B73-AB45-832B03431ED7}"
EndProject
Global
	GlobalSection(SolutionConfigurationPlatforms) = preSolution
		Debug|Any CPU = Debug|Any CPU
		Release|Any CPU = Release|Any CPU
	EndGlobalSection
	GlobalSection(ProjectConfigurationPlatforms) = postSolution
		{ECA1258B-8715-4B73-AB45-832B03431ED7}.Debug|Any CPU.ActiveCfg = Debug|Any CPU
		{ECA1258B-8715-4B73-AB45-832B03431ED7}.Debug|Any CPU.Build.0 = Debug|Any CPU
		{ECA1258B-8715-4B73-AB45-832B03431ED7}.Release|Any CPU.ActiveCfg = Release|Any CPU
		{ECA1258B-8715-4B73-AB45-832B03431ED7}.Release|Any CPU.Build.0 = Release|Any CPU
	EndGlobalSection
	GlobalSection(SolutionProperties) = preSolution
		HideSolutionNode = FALSE
	EndGlobalSection
	GlobalSection(ExtensibilityGlobals) = postSolution
		SolutionGuid = {40444040-BF6B-4E4E-A7B1-88007E7D3C20}
	EndGlobalSection
EndGlobal
